
Microsoft Visual Studio Solution File, Format Version 12.00
# Visual Studio 15
VisualStudioVersion = 15.0.28307.852
MinimumVisualStudioVersion = 10.0.40219.1
Project("{FAE04EC0-301F-11D3-BF4B-00C04F79EFBC}") = "test2", "test2\test2.csproj", "{D8176D05-3DF9-4705-B69C-CE40616B9055}"
EndProject
Project("{FAE04EC0-301F-11D3-BF4B-00C04F79EFBC}") = "task10", "task10\task10.csproj", "{9312334D-AB8B-4A12-AD91-292AA3F6EB70}"
EndProject
Project("{FAE04EC0-301F-11D3-BF4B-00C04F79EFBC}") = "lesson2", "lesson2\lesson2.csproj", "{3C2DB74A-F475-4C62-B597-D84E85F1F732}"
EndProject
Project("{FAE04EC0-301F-11D3-BF4B-00C04F79EFBC}") = "task13", "task13\task13.csproj", "{03DBE137-E4C6-4430-B65A-0BEB58C78943}"
EndProject
Project("{FAE04EC0-301F-11D3-BF4B-00C04F79EFBC}") = "task15", "task15\task15.csproj", "{688A2FF7-9252-44F9-9B0B-3EE5C12D2A8D}"
EndProject
Project("{FAE04EC0-301F-11D3-BF4B-00C04F79EFBC}") = "task19", "task19\task19.csproj", "{F1D7D46A-A310-4847-8230-4206D04A6DAF}"
EndProject
Project("{FAE04EC0-301F-11D3-BF4B-00C04F79EFBC}") = "task21", "task21\task21.csproj", "{61C1A47A-ACDF-400C-A7D1-58C7D1AAF30E}"
EndProject
Project("{FAE04EC0-301F-11D3-BF4B-00C04F79EFBC}") = "task23", "task23\task23.csproj", "{A7136515-921D-463C-B088-BC0406A5C7A4}"
EndProject
Project("{FAE04EC0-301F-11D3-BF4B-00C04F79EFBC}") = "task25", "Task25\task25.csproj", "{612571D0-565C-4EDB-A5CC-35752F8936B6}"
EndProject
Project("{FAE04EC0-301F-11D3-BF4B-00C04F79EFBC}") = "task27", "Task27\task27.csproj", "{9D3E4AAE-5219-42FD-A0E6-937FFD5D8C74}"
EndProject
Project("{FAE04EC0-301F-11D3-BF4B-00C04F79EFBC}") = "task29", "task29\task29.csproj", "{6F0C76F4-0B88-4B02-8B17-FBF981F51164}"
EndProject
Project("{FAE04EC0-301F-11D3-BF4B-00C04F79EFBC}") = "task34", "task34\task34.csproj", "{0FAAF0CA-E2D9-47F8-8B43-7F4039A42722}"
EndProject
Project("{FAE04EC0-301F-11D3-BF4B-00C04F79EFBC}") = "task36", "task36\task36.csproj", "{BA56ABEB-BC80-4CA5-AE04-4ACF512278BB}"
EndProject
Project("{FAE04EC0-301F-11D3-BF4B-00C04F79EFBC}") = "task38", "task38\task38.csproj", "{5ECD3BFE-DDD5-4D39-9A7B-BBD73CBF3F11}"
EndProject
Project("{FAE04EC0-301F-11D3-BF4B-00C04F79EFBC}") = "ConsoleApp1", "ConsoleApp1\ConsoleApp1.csproj", "{8C59DC1C-A176-4695-AF34-AF93499CEA92}"
EndProject
Project("{FAE04EC0-301F-11D3-BF4B-00C04F79EFBC}") = "task41", "task41\task41.csproj", "{2D6584BA-CE89-4576-B203-B273ADEDFEB0}"
EndProject
Project("{FAE04EC0-301F-11D3-BF4B-00C04F79EFBC}") = "task43", "task43\task43.csproj", "{EB0E7B72-8577-4919-99BD-EC5C78D3138A}"
EndProject
Project("{FAE04EC0-301F-11D3-BF4B-00C04F79EFBC}") = "task47", "task47\task47.csproj", "{770F59C2-7343-4027-88FC-66B9C2206C15}"
EndProject
Project("{FAE04EC0-301F-11D3-BF4B-00C04F79EFBC}") = "task50", "task50\task50.csproj", "{EC18F48F-65EE-43D8-8702-A531F25C663B}"
EndProject
Project("{FAE04EC0-301F-11D3-BF4B-00C04F79EFBC}") = "task52", "task52\task52.csproj", "{8788F100-A0E1-413C-8851-FB3F7C3D40A6}"
EndProject
Project("{FAE04EC0-301F-11D3-BF4B-00C04F79EFBC}") = "task54", "task54\task54.csproj", "{A5590E3E-18DE-4F7E-B72C-678D5EB619F2}"
EndProject
Project("{FAE04EC0-301F-11D3-BF4B-00C04F79EFBC}") = "task56", "task56\task56.csproj", "{0849CE51-78FD-4318-A28B-719072C41469}"
EndProject
Project("{FAE04EC0-301F-11D3-BF4B-00C04F79EFBC}") = "task58", "task58\task58.csproj", "{111AD2E9-35A3-4369-BEF7-E190B109DCE7}"
EndProject
Project("{FAE04EC0-301F-11D3-BF4B-00C04F79EFBC}") = "task60", "task60\task60.csproj", "{1CBB2329-03AF-45BF-BA26-2ED5A4AEFC50}"
EndProject
Project("{FAE04EC0-301F-11D3-BF4B-00C04F79EFBC}") = "task62", "task62\task62.csproj", "{3223112E-7B19-4165-B14D-B45155FED268}"
EndProject
Project("{FAE04EC0-301F-11D3-BF4B-00C04F79EFBC}") = "task64", "task64\task64.csproj", "{16A34738-BBD6-470C-9364-980F0FC872DD}"
EndProject
Project("{FAE04EC0-301F-11D3-BF4B-00C04F79EFBC}") = "task66", "task66\task66.csproj", "{3BDB2489-D927-4650-9836-7EB09EEE9CA1}"
EndProject
Project("{FAE04EC0-301F-11D3-BF4B-00C04F79EFBC}") = "task68", "task68\task68.csproj", "{EDE717E0-5053-428D-8AF7-201D5AB5BFE6}"
EndProject
Global
	GlobalSection(SolutionConfigurationPlatforms) = preSolution
		Debug|Any CPU = Debug|Any CPU
		Release|Any CPU = Release|Any CPU
	EndGlobalSection
	GlobalSection(ProjectConfigurationPlatforms) = postSolution
		{D8176D05-3DF9-4705-B69C-CE40616B9055}.Debug|Any CPU.ActiveCfg = Debug|Any CPU
		{D8176D05-3DF9-4705-B69C-CE40616B9055}.Debug|Any CPU.Build.0 = Debug|Any CPU
		{D8176D05-3DF9-4705-B69C-CE40616B9055}.Release|Any CPU.ActiveCfg = Release|Any CPU
		{D8176D05-3DF9-4705-B69C-CE40616B9055}.Release|Any CPU.Build.0 = Release|Any CPU
		{9312334D-AB8B-4A12-AD91-292AA3F6EB70}.Debug|Any CPU.ActiveCfg = Debug|Any CPU
		{9312334D-AB8B-4A12-AD91-292AA3F6EB70}.Debug|Any CPU.Build.0 = Debug|Any CPU
		{9312334D-AB8B-4A12-AD91-292AA3F6EB70}.Release|Any CPU.ActiveCfg = Release|Any CPU
		{9312334D-AB8B-4A12-AD91-292AA3F6EB70}.Release|Any CPU.Build.0 = Release|Any CPU
		{3C2DB74A-F475-4C62-B597-D84E85F1F732}.Debug|Any CPU.ActiveCfg = Debug|Any CPU
		{3C2DB74A-F475-4C62-B597-D84E85F1F732}.Debug|Any CPU.Build.0 = Debug|Any CPU
		{3C2DB74A-F475-4C62-B597-D84E85F1F732}.Release|Any CPU.ActiveCfg = Release|Any CPU
		{3C2DB74A-F475-4C62-B597-D84E85F1F732}.Release|Any CPU.Build.0 = Release|Any CPU
		{03DBE137-E4C6-4430-B65A-0BEB58C78943}.Debug|Any CPU.ActiveCfg = Debug|Any CPU
		{03DBE137-E4C6-4430-B65A-0BEB58C78943}.Debug|Any CPU.Build.0 = Debug|Any CPU
		{03DBE137-E4C6-4430-B65A-0BEB58C78943}.Release|Any CPU.ActiveCfg = Release|Any CPU
		{03DBE137-E4C6-4430-B65A-0BEB58C78943}.Release|Any CPU.Build.0 = Release|Any CPU
		{688A2FF7-9252-44F9-9B0B-3EE5C12D2A8D}.Debug|Any CPU.ActiveCfg = Debug|Any CPU
		{688A2FF7-9252-44F9-9B0B-3EE5C12D2A8D}.Debug|Any CPU.Build.0 = Debug|Any CPU
		{688A2FF7-9252-44F9-9B0B-3EE5C12D2A8D}.Release|Any CPU.ActiveCfg = Release|Any CPU
		{688A2FF7-9252-44F9-9B0B-3EE5C12D2A8D}.Release|Any CPU.Build.0 = Release|Any CPU
		{F1D7D46A-A310-4847-8230-4206D04A6DAF}.Debug|Any CPU.ActiveCfg = Debug|Any CPU
		{F1D7D46A-A310-4847-8230-4206D04A6DAF}.Debug|Any CPU.Build.0 = Debug|Any CPU
		{F1D7D46A-A310-4847-8230-4206D04A6DAF}.Release|Any CPU.ActiveCfg = Release|Any CPU
		{F1D7D46A-A310-4847-8230-4206D04A6DAF}.Release|Any CPU.Build.0 = Release|Any CPU
		{61C1A47A-ACDF-400C-A7D1-58C7D1AAF30E}.Debug|Any CPU.ActiveCfg = Debug|Any CPU
		{61C1A47A-ACDF-400C-A7D1-58C7D1AAF30E}.Debug|Any CPU.Build.0 = Debug|Any CPU
		{61C1A47A-ACDF-400C-A7D1-58C7D1AAF30E}.Release|Any CPU.ActiveCfg = Release|Any CPU
		{61C1A47A-ACDF-400C-A7D1-58C7D1AAF30E}.Release|Any CPU.Build.0 = Release|Any CPU
		{A7136515-921D-463C-B088-BC0406A5C7A4}.Debug|Any CPU.ActiveCfg = Debug|Any CPU
		{A7136515-921D-463C-B088-BC0406A5C7A4}.Debug|Any CPU.Build.0 = Debug|Any CPU
		{A7136515-921D-463C-B088-BC0406A5C7A4}.Release|Any CPU.ActiveCfg = Release|Any CPU
		{A7136515-921D-463C-B088-BC0406A5C7A4}.Release|Any CPU.Build.0 = Release|Any CPU
		{612571D0-565C-4EDB-A5CC-35752F8936B6}.Debug|Any CPU.ActiveCfg = Debug|Any CPU
		{612571D0-565C-4EDB-A5CC-35752F8936B6}.Debug|Any CPU.Build.0 = Debug|Any CPU
		{612571D0-565C-4EDB-A5CC-35752F8936B6}.Release|Any CPU.ActiveCfg = Release|Any CPU
		{612571D0-565C-4EDB-A5CC-35752F8936B6}.Release|Any CPU.Build.0 = Release|Any CPU
		{9D3E4AAE-5219-42FD-A0E6-937FFD5D8C74}.Debug|Any CPU.ActiveCfg = Debug|Any CPU
		{9D3E4AAE-5219-42FD-A0E6-937FFD5D8C74}.Debug|Any CPU.Build.0 = Debug|Any CPU
		{9D3E4AAE-5219-42FD-A0E6-937FFD5D8C74}.Release|Any CPU.ActiveCfg = Release|Any CPU
		{9D3E4AAE-5219-42FD-A0E6-937FFD5D8C74}.Release|Any CPU.Build.0 = Release|Any CPU
		{6F0C76F4-0B88-4B02-8B17-FBF981F51164}.Debug|Any CPU.ActiveCfg = Debug|Any CPU
		{6F0C76F4-0B88-4B02-8B17-FBF981F51164}.Debug|Any CPU.Build.0 = Debug|Any CPU
		{6F0C76F4-0B88-4B02-8B17-FBF981F51164}.Release|Any CPU.ActiveCfg = Release|Any CPU
		{6F0C76F4-0B88-4B02-8B17-FBF981F51164}.Release|Any CPU.Build.0 = Release|Any CPU
		{0FAAF0CA-E2D9-47F8-8B43-7F4039A42722}.Debug|Any CPU.ActiveCfg = Debug|Any CPU
		{0FAAF0CA-E2D9-47F8-8B43-7F4039A42722}.Debug|Any CPU.Build.0 = Debug|Any CPU
		{0FAAF0CA-E2D9-47F8-8B43-7F4039A42722}.Release|Any CPU.ActiveCfg = Release|Any CPU
		{0FAAF0CA-E2D9-47F8-8B43-7F4039A42722}.Release|Any CPU.Build.0 = Release|Any CPU
		{BA56ABEB-BC80-4CA5-AE04-4ACF512278BB}.Debug|Any CPU.ActiveCfg = Debug|Any CPU
		{BA56ABEB-BC80-4CA5-AE04-4ACF512278BB}.Debug|Any CPU.Build.0 = Debug|Any CPU
		{BA56ABEB-BC80-4CA5-AE04-4ACF512278BB}.Release|Any CPU.ActiveCfg = Release|Any CPU
		{BA56ABEB-BC80-4CA5-AE04-4ACF512278BB}.Release|Any CPU.Build.0 = Release|Any CPU
		{5ECD3BFE-DDD5-4D39-9A7B-BBD73CBF3F11}.Debug|Any CPU.ActiveCfg = Debug|Any CPU
		{5ECD3BFE-DDD5-4D39-9A7B-BBD73CBF3F11}.Debug|Any CPU.Build.0 = Debug|Any CPU
		{5ECD3BFE-DDD5-4D39-9A7B-BBD73CBF3F11}.Release|Any CPU.ActiveCfg = Release|Any CPU
		{5ECD3BFE-DDD5-4D39-9A7B-BBD73CBF3F11}.Release|Any CPU.Build.0 = Release|Any CPU
		{8C59DC1C-A176-4695-AF34-AF93499CEA92}.Debug|Any CPU.ActiveCfg = Debug|Any CPU
		{8C59DC1C-A176-4695-AF34-AF93499CEA92}.Debug|Any CPU.Build.0 = Debug|Any CPU
		{8C59DC1C-A176-4695-AF34-AF93499CEA92}.Release|Any CPU.ActiveCfg = Release|Any CPU
		{8C59DC1C-A176-4695-AF34-AF93499CEA92}.Release|Any CPU.Build.0 = Release|Any CPU
		{2D6584BA-CE89-4576-B203-B273ADEDFEB0}.Debug|Any CPU.ActiveCfg = Debug|Any CPU
		{2D6584BA-CE89-4576-B203-B273ADEDFEB0}.Debug|Any CPU.Build.0 = Debug|Any CPU
		{2D6584BA-CE89-4576-B203-B273ADEDFEB0}.Release|Any CPU.ActiveCfg = Release|Any CPU
		{2D6584BA-CE89-4576-B203-B273ADEDFEB0}.Release|Any CPU.Build.0 = Release|Any CPU
		{EB0E7B72-8577-4919-99BD-EC5C78D3138A}.Debug|Any CPU.ActiveCfg = Debug|Any CPU
		{EB0E7B72-8577-4919-99BD-EC5C78D3138A}.Debug|Any CPU.Build.0 = Debug|Any CPU
		{EB0E7B72-8577-4919-99BD-EC5C78D3138A}.Release|Any CPU.ActiveCfg = Release|Any CPU
		{EB0E7B72-8577-4919-99BD-EC5C78D3138A}.Release|Any CPU.Build.0 = Release|Any CPU
		{770F59C2-7343-4027-88FC-66B9C2206C15}.Debug|Any CPU.ActiveCfg = Debug|Any CPU
		{770F59C2-7343-4027-88FC-66B9C2206C15}.Debug|Any CPU.Build.0 = Debug|Any CPU
		{770F59C2-7343-4027-88FC-66B9C2206C15}.Release|Any CPU.ActiveCfg = Release|Any CPU
		{770F59C2-7343-4027-88FC-66B9C2206C15}.Release|Any CPU.Build.0 = Release|Any CPU
		{EC18F48F-65EE-43D8-8702-A531F25C663B}.Debug|Any CPU.ActiveCfg = Debug|Any CPU
		{EC18F48F-65EE-43D8-8702-A531F25C663B}.Debug|Any CPU.Build.0 = Debug|Any CPU
		{EC18F48F-65EE-43D8-8702-A531F25C663B}.Release|Any CPU.ActiveCfg = Release|Any CPU
		{EC18F48F-65EE-43D8-8702-A531F25C663B}.Release|Any CPU.Build.0 = Release|Any CPU
		{8788F100-A0E1-413C-8851-FB3F7C3D40A6}.Debug|Any CPU.ActiveCfg = Debug|Any CPU
		{8788F100-A0E1-413C-8851-FB3F7C3D40A6}.Debug|Any CPU.Build.0 = Debug|Any CPU
		{8788F100-A0E1-413C-8851-FB3F7C3D40A6}.Release|Any CPU.ActiveCfg = Release|Any CPU
		{8788F100-A0E1-413C-8851-FB3F7C3D40A6}.Release|Any CPU.Build.0 = Release|Any CPU
		{A5590E3E-18DE-4F7E-B72C-678D5EB619F2}.Debug|Any CPU.ActiveCfg = Debug|Any CPU
		{A5590E3E-18DE-4F7E-B72C-678D5EB619F2}.Debug|Any CPU.Build.0 = Debug|Any CPU
		{A5590E3E-18DE-4F7E-B72C-678D5EB619F2}.Release|Any CPU.ActiveCfg = Release|Any CPU
		{A5590E3E-18DE-4F7E-B72C-678D5EB619F2}.Release|Any CPU.Build.0 = Release|Any CPU
		{0849CE51-78FD-4318-A28B-719072C41469}.Debug|Any CPU.ActiveCfg = Debug|Any CPU
		{0849CE51-78FD-4318-A28B-719072C41469}.Debug|Any CPU.Build.0 = Debug|Any CPU
		{0849CE51-78FD-4318-A28B-719072C41469}.Release|Any CPU.ActiveCfg = Release|Any CPU
		{0849CE51-78FD-4318-A28B-719072C41469}.Release|Any CPU.Build.0 = Release|Any CPU
		{111AD2E9-35A3-4369-BEF7-E190B109DCE7}.Debug|Any CPU.ActiveCfg = Debug|Any CPU
		{111AD2E9-35A3-4369-BEF7-E190B109DCE7}.Debug|Any CPU.Build.0 = Debug|Any CPU
		{111AD2E9-35A3-4369-BEF7-E190B109DCE7}.Release|Any CPU.ActiveCfg = Release|Any CPU
		{111AD2E9-35A3-4369-BEF7-E190B109DCE7}.Release|Any CPU.Build.0 = Release|Any CPU
		{1CBB2329-03AF-45BF-BA26-2ED5A4AEFC50}.Debug|Any CPU.ActiveCfg = Debug|Any CPU
		{1CBB2329-03AF-45BF-BA26-2ED5A4AEFC50}.Debug|Any CPU.Build.0 = Debug|Any CPU
		{1CBB2329-03AF-45BF-BA26-2ED5A4AEFC50}.Release|Any CPU.ActiveCfg = Release|Any CPU
		{1CBB2329-03AF-45BF-BA26-2ED5A4AEFC50}.Release|Any CPU.Build.0 = Release|Any CPU
		{3223112E-7B19-4165-B14D-B45155FED268}.Debug|Any CPU.ActiveCfg = Debug|Any CPU
		{3223112E-7B19-4165-B14D-B45155FED268}.Debug|Any CPU.Build.0 = Debug|Any CPU
		{3223112E-7B19-4165-B14D-B45155FED268}.Release|Any CPU.ActiveCfg = Release|Any CPU
		{3223112E-7B19-4165-B14D-B45155FED268}.Release|Any CPU.Build.0 = Release|Any CPU
		{16A34738-BBD6-470C-9364-980F0FC872DD}.Debug|Any CPU.ActiveCfg = Debug|Any CPU
		{16A34738-BBD6-470C-9364-980F0FC872DD}.Debug|Any CPU.Build.0 = Debug|Any CPU
		{16A34738-BBD6-470C-9364-980F0FC872DD}.Release|Any CPU.ActiveCfg = Release|Any CPU
		{16A34738-BBD6-470C-9364-980F0FC872DD}.Release|Any CPU.Build.0 = Release|Any CPU
		{3BDB2489-D927-4650-9836-7EB09EEE9CA1}.Debug|Any CPU.ActiveCfg = Debug|Any CPU
		{3BDB2489-D927-4650-9836-7EB09EEE9CA1}.Debug|Any CPU.Build.0 = Debug|Any CPU
		{3BDB2489-D927-4650-9836-7EB09EEE9CA1}.Release|Any CPU.ActiveCfg = Release|Any CPU
		{3BDB2489-D927-4650-9836-7EB09EEE9CA1}.Release|Any CPU.Build.0 = Release|Any CPU
		{EDE717E0-5053-428D-8AF7-201D5AB5BFE6}.Debug|Any CPU.ActiveCfg = Debug|Any CPU
		{EDE717E0-5053-428D-8AF7-201D5AB5BFE6}.Debug|Any CPU.Build.0 = Debug|Any CPU
		{EDE717E0-5053-428D-8AF7-201D5AB5BFE6}.Release|Any CPU.ActiveCfg = Release|Any CPU
		{EDE717E0-5053-428D-8AF7-201D5AB5BFE6}.Release|Any CPU.Build.0 = Release|Any CPU
	EndGlobalSection
	GlobalSection(SolutionProperties) = preSolution
		HideSolutionNode = FALSE
	EndGlobalSection
	GlobalSection(ExtensibilityGlobals) = postSolution
		SolutionGuid = {50808937-D445-4D1E-BC18-E58F19541825}
	EndGlobalSection
EndGlobal
